lockfileVersion: 5.3

importers:

  .:
    specifiers:
      prettier: ^2.7.1
      typescript: ^4.7.4
    dependencies:
      typescript: 4.7.4
    devDependencies:
      prettier: 2.7.1

  example:
    specifiers:
      '@vitejs/plugin-vue': ^2.3.3
      naive-ui: ^2.30.6
      naive-ui-protable: workspace:*
      typescript: ^4.5.4
      vite: ^2.9.9
      vue: ^3.2.37
      vue-router: ^4.0.16
      vue-tsc: ^0.38.2
    dependencies:
      naive-ui-protable: link:../packages
      vue: 3.2.37
      vue-router: 4.0.16_vue@3.2.37
    devDependencies:
      '@vitejs/plugin-vue': 2.3.3_vite@2.9.13+vue@3.2.37
      naive-ui: 2.30.6_vue@3.2.37
      typescript: 4.7.4
      vite: 2.9.13
      vue-tsc: 0.38.2_typescript@4.7.4

  packages:

    specifiers:
      '@babel/types': ^7.18.4
      '@vicons/ionicons5': ^0.12.0
      '@vitejs/plugin-vue': ^2.3.3
      lodash-es: ^4.17.21
      naive-ui: ^2.30.6
      typescript: ^4.5.4
      vite: ^2.9.9
      vue: ^3.2.37
      vue-router: ^4.0.16
      vue-tsc: ^0.38.2

    dependencies:
      '@vicons/ionicons5': 0.12.0
      lodash-es: 4.17.21

    devDependencies:
      '@babel/types': 7.18.4
      '@vitejs/plugin-vue': 2.3.3_vite@2.9.13+vue@3.2.37
      naive-ui: 2.30.6_vue@3.2.37
      typescript: 4.7.4
      vite: 2.9.13
      vue: 3.2.37
      vue-router: 4.0.16_vue@3.2.37
      vue-tsc: 0.38.2_typescript@4.7.4

packages:

  /@babel/helper-validator-identifier/7.16.7:
    resolution: {integrity: sha1-6MYCQ4xKgZV1EkPakDHRYH0kfK0=}
    engines: {node: '>=6.9.0'}
    dev: true

  /@babel/parser/7.18.5:
    resolution: {integrity: sha1-M3BiNjQ2qJOi0i+qYL5bs3CRyDw=}
    engines: {node: '>=6.0.0'}
    hasBin: true

  /@babel/types/7.18.4:
    resolution: {integrity: sha1-J+rpuf0Y6dzMP51q0FEzbzB741Q=}
    engines: {node: '>=6.9.0'}
    dependencies:
      '@babel/helper-validator-identifier': 7.16.7
      to-fast-properties: 2.0.0
    dev: true

  /@css-render/plugin-bem/0.15.10_css-render@0.15.10:
    resolution: {integrity: sha1-pC2vEImtcldD9sd6o8q5aa5BuUc=}
    peerDependencies:
      css-render: ~0.15.10
    dependencies:
      css-render: 0.15.10
    dev: true

  /@css-render/vue3-ssr/0.15.10_vue@3.2.37:
    resolution: {integrity: sha1-Cl9Y6EgLPhJfBmcTezMhfu4Lj5U=}
    peerDependencies:
      vue: ^3.0.11
    dependencies:
      vue: 3.2.37
    dev: true

  /@emotion/hash/0.8.0:
    resolution: {integrity: sha1-u7/2iXj+/b5ozLUzvIy+HRr7VBM=}
    dev: true

  /@juggle/resize-observer/3.3.1:
    resolution: {integrity: sha1-tQp4FwnIHhBwEAQhQ0DyVHWhcaA=}
    dev: true

  /@types/jest/27.5.2:
    resolution: {integrity: sha1-7EnSnZJlAP+5/SK4QmLoYgScAmw=}
    dependencies:
      jest-matcher-utils: 27.5.1
      pretty-format: 27.5.1
    dev: true

  /@types/lodash-es/4.17.6:
    resolution: {integrity: sha1-wu1MgyD/pvEbQ+uJ6eruxllmoKA=}
    dependencies:
      '@types/lodash': 4.14.182
    dev: true

  /@types/lodash/4.14.182:
    resolution: {integrity: sha1-BTAaTV5iljIn6q/gzgTdd8VOpcI=}
    dev: true

  /@types/node/17.0.45:
    resolution: {integrity: sha1-LA+v14cF56GLeQa1IBpSJxncUZA=}
    dev: true

  /@vicons/ionicons5/0.12.0:
    resolution: {integrity: sha1-w5/aBEIN+uO1gFP6+KrzVVJTKZ0=}
    dev: false

  /@vitejs/plugin-vue/2.3.3_vite@2.9.13+vue@3.2.37:
    resolution: {integrity: sha1-+/gMwDm4KsIaGssPBHjej2H79gA=}
    engines: {node: '>=12.0.0'}
    peerDependencies:
      vite: ^2.5.10
      vue: ^3.2.25
    dependencies:
      vite: 2.9.13
      vue: 3.2.37
    dev: true

  /@volar/code-gen/0.38.2:
    resolution: {integrity: sha1-Hu2ro6ErnRlU3ZnWdF8/Lt4Kylg=}
    dependencies:
      '@volar/source-map': 0.38.2
    dev: true

  /@volar/source-map/0.38.2:
    resolution: {integrity: sha1-csyqoiRkbaaQl6voNgORrNfwQrk=}
    dev: true

  /@volar/vue-code-gen/0.38.2:
    resolution: {integrity: sha1-ELRnk2y3ntsh5vke0l7D++BVpM0=}
    dependencies:
      '@volar/code-gen': 0.38.2
      '@volar/source-map': 0.38.2
      '@vue/compiler-core': 3.2.37
      '@vue/compiler-dom': 3.2.37
      '@vue/shared': 3.2.37
    dev: true

  /@volar/vue-typescript/0.38.2:
    resolution: {integrity: sha1-6b99F4dV/iYZ9D3aSZqx4qYkCls=}
    dependencies:
      '@volar/code-gen': 0.38.2
      '@volar/source-map': 0.38.2
      '@volar/vue-code-gen': 0.38.2
      '@vue/compiler-sfc': 3.2.37
      '@vue/reactivity': 3.2.37
    dev: true

  /@vue/compiler-core/3.2.37:
    resolution: {integrity: sha1-s8QuBMDg8sSW/xeE5UP77+keIVo=}
    dependencies:
      '@babel/parser': 7.18.5
      '@vue/shared': 3.2.37
      estree-walker: 2.0.2
      source-map: 0.6.1

  /@vue/compiler-dom/3.2.37:
    resolution: {integrity: sha1-ENJCeniefHB8hy2p1njIKgxlgrU=}
    dependencies:
      '@vue/compiler-core': 3.2.37
      '@vue/shared': 3.2.37

  /@vue/compiler-sfc/3.2.37:
    resolution: {integrity: sha1-MQOvPaL0AobtzYXqSV3LNbx/X/Q=}
    dependencies:
      '@babel/parser': 7.18.5
      '@vue/compiler-core': 3.2.37
      '@vue/compiler-dom': 3.2.37
      '@vue/compiler-ssr': 3.2.37
      '@vue/reactivity-transform': 3.2.37
      '@vue/shared': 3.2.37
      estree-walker: 2.0.2
      magic-string: 0.25.9
      postcss: 8.4.14
      source-map: 0.6.1

  /@vue/compiler-ssr/3.2.37:
    resolution: {integrity: sha1-SJnRnzpfr9YVJKnRrujrBQUxPP8=}
    dependencies:
      '@vue/compiler-dom': 3.2.37
      '@vue/shared': 3.2.37

  /@vue/devtools-api/6.1.4:
    resolution: {integrity: sha1-tK7C9LRZnhG6d0pQxn+jeMmCTlM=}

  /@vue/reactivity-transform/3.2.37:
    resolution: {integrity: sha1-DKpHxDRN9K5Z9aBd3iqHWIKfjso=}
    dependencies:
      '@babel/parser': 7.18.5
      '@vue/compiler-core': 3.2.37
      '@vue/shared': 3.2.37
      estree-walker: 2.0.2
      magic-string: 0.25.9

  /@vue/reactivity/3.2.37:
    resolution: {integrity: sha1-W8OEesWIKOK3hSbgghngoQifiEg=}
    dependencies:
      '@vue/shared': 3.2.37

  /@vue/runtime-core/3.2.37:
    resolution: {integrity: sha1-e6fFS7VuXXDt/C8Fdm4cqFGZZuM=}
    dependencies:
      '@vue/reactivity': 3.2.37
      '@vue/shared': 3.2.37

  /@vue/runtime-dom/3.2.37:
    resolution: {integrity: sha1-ACvcgij6Y5STF3Vvseks3T+fS70=}
    dependencies:
      '@vue/runtime-core': 3.2.37
      '@vue/shared': 3.2.37
      csstype: 2.6.20

  /@vue/server-renderer/3.2.37_vue@3.2.37:
    resolution: {integrity: sha1-hAopyNzCm93ZtfX/oiuVwOcq/fw=}
    peerDependencies:
      vue: 3.2.37
    dependencies:
      '@vue/compiler-ssr': 3.2.37
      '@vue/shared': 3.2.37
      vue: 3.2.37

  /@vue/shared/3.2.37:
    resolution: {integrity: sha1-jmrcPydZr1Lw6Fhj37C3EezFxwI=}

  /ansi-regex/5.0.1:
    resolution: {integrity: sha1-CCyyyJyf6GWaMRpTvWpNxTAdswQ=}
    engines: {node: '>=8'}
    dev: true

  /ansi-styles/4.3.0:
    resolution: {integrity: sha1-7dgDYornHATIWuegkG7a00tkiTc=}
    engines: {node: '>=8'}
    dependencies:
      color-convert: 2.0.1
    dev: true

  /ansi-styles/5.2.0:
    resolution: {integrity: sha1-B0SWkK1Fd30ZJKwquy/IiV26g2s=}
    engines: {node: '>=10'}
    dev: true

  /async-validator/4.2.5:
    resolution: {integrity: sha1-yW6jMypSFpnQr6rO7VEKVGVsYzk=}
    dev: true

  /chalk/4.1.2:
    resolution: {integrity: sha1-qsTit3NKdAhnrrFr8CqtVWoeegE=}
    engines: {node: '>=10'}
    dependencies:
      ansi-styles: 4.3.0
      supports-color: 7.2.0
    dev: true

  /color-convert/2.0.1:
    resolution: {integrity: sha1-ctOmjVmMm9s68q0ehPIdiWq9TeM=}
    engines: {node: '>=7.0.0'}
    dependencies:
      color-name: 1.1.4
    dev: true

  /color-name/1.1.4:
    resolution: {integrity: sha1-wqCah6y95pVD3m9j+jmVyCbFNqI=}
    dev: true

  /css-render/0.15.10:
    resolution: {integrity: sha1-oPLH4RlZekfNCwyQVahaeOwxPbQ=}
    dependencies:
      '@emotion/hash': 0.8.0
      '@types/node': 17.0.45
      csstype: 3.0.11
    dev: true

  /csstype/2.6.20:
    resolution: {integrity: sha1-kinGXqCyYM9NPZl8sGKI42qNbdo=}

  /csstype/3.0.11:
    resolution: {integrity: sha1-1mcAxerPrBlA3rTj7lZCeS2FzTM=}
    dev: true

  /date-fns-tz/1.3.5_date-fns@2.28.0:
    resolution: {integrity: sha1-QVCGsAldq4ASHWaRK5Px3sVynm4=}
    peerDependencies:
      date-fns: '>=2.0.0'
    dependencies:
      date-fns: 2.28.0
    dev: true

  /date-fns/2.28.0:
    resolution: {integrity: sha1-lXDWVvX8ExQ+UMl1o7a760bNCLI=}
    engines: {node: '>=0.11'}
    dev: true

  /diff-sequences/27.5.1:
    resolution: {integrity: sha1-6uzA0yf9aMjZZyoeZKuNzLLvUyc=}
    engines: {node: ^10.13.0 || ^12.13.0 || ^14.15.0 || >=15.0.0}
    dev: true

  /esbuild-android-64/0.14.47:
    resolution: {integrity: sha1-75W0LGe89CaMhpFT+jrRRmxM6ms=, tarball: https://artifactory.tusimple.ai:443/artifactory/api/npm/npm-infra-common/esbuild-android-64/-/esbuild-android-64-0.14.47.tgz}
    engines: {node: '>=12'}
    cpu: [x64]
    os: [android]
    requiresBuild: true
    dev: true
    optional: true

  /esbuild-android-arm64/0.14.47:
    resolution: {integrity: sha1-Tr186fslC0aV+qPuRv07B1Ts2eY=, tarball: https://artifactory.tusimple.ai:443/artifactory/api/npm/npm-infra-common/esbuild-android-arm64/-/esbuild-android-arm64-0.14.47.tgz}
    engines: {node: '>=12'}
    cpu: [arm64]
    os: [android]
    requiresBuild: true
    dev: true
    optional: true

  /esbuild-darwin-64/0.14.47:
    resolution: {integrity: sha1-4NpsJE9JcZL5UYB/AD9qQj7SMYg=, tarball: https://artifactory.tusimple.ai:443/artifactory/api/npm/npm-infra-common/esbuild-darwin-64/-/esbuild-darwin-64-0.14.47.tgz}
    engines: {node: '>=12'}
    cpu: [x64]
    os: [darwin]
    requiresBuild: true
    dev: true
    optional: true

  /esbuild-darwin-arm64/0.14.47:
    resolution: {integrity: sha1-zUD9SaZy/KWB7SAoNCOd/lQKkCg=, tarball: https://artifactory.tusimple.ai:443/artifactory/api/npm/npm-infra-common/esbuild-darwin-arm64/-/esbuild-darwin-arm64-0.14.47.tgz}
    engines: {node: '>=12'}
    cpu: [arm64]
    os: [darwin]
    requiresBuild: true
    dev: true
    optional: true

  /esbuild-freebsd-64/0.14.47:
    resolution: {integrity: sha1-jaahTAlbKcAfyAh6Fst5Bt68LWc=, tarball: https://artifactory.tusimple.ai:443/artifactory/api/npm/npm-infra-common/esbuild-freebsd-64/-/esbuild-freebsd-64-0.14.47.tgz}
    engines: {node: '>=12'}
    cpu: [x64]
    os: [freebsd]
    requiresBuild: true
    dev: true
    optional: true

  /esbuild-freebsd-arm64/0.14.47:
    resolution: {integrity: sha1-rTH5ySgX/48z/SU696tRItwbg/Y=, tarball: https://artifactory.tusimple.ai:443/artifactory/api/npm/npm-infra-common/esbuild-freebsd-arm64/-/esbuild-freebsd-arm64-0.14.47.tgz}
    engines: {node: '>=12'}
    cpu: [arm64]
    os: [freebsd]
    requiresBuild: true
    dev: true
    optional: true

  /esbuild-linux-32/0.14.47:
    resolution: {integrity: sha1-3gheTbLmkuowxxIIzMI/3PUZbFg=, tarball: https://artifactory.tusimple.ai:443/artifactory/api/npm/npm-infra-common/esbuild-linux-32/-/esbuild-linux-32-0.14.47.tgz}
    engines: {node: '>=12'}
    cpu: [ia32]
    os: [linux]
    requiresBuild: true
    dev: true
    optional: true

  /esbuild-linux-64/0.14.47:
    resolution: {integrity: sha1-KpMhu8ywHwGwTOv8/Mur66Nli6E=, tarball: https://artifactory.tusimple.ai:443/artifactory/api/npm/npm-infra-common/esbuild-linux-64/-/esbuild-linux-64-0.14.47.tgz}
    engines: {node: '>=12'}
    cpu: [x64]
    os: [linux]
    requiresBuild: true
    dev: true
    optional: true

  /esbuild-linux-arm/0.14.47:
    resolution: {integrity: sha1-Vv7CoJuVYcM3BZ1K9TYlFCre2FM=, tarball: https://artifactory.tusimple.ai:443/artifactory/api/npm/npm-infra-common/esbuild-linux-arm/-/esbuild-linux-arm-0.14.47.tgz}
    engines: {node: '>=12'}
    cpu: [arm]
    os: [linux]
    requiresBuild: true
    dev: true
    optional: true

  /esbuild-linux-arm64/0.14.47:
    resolution: {integrity: sha1-udp7b8SwynoTNjoMW3u5J+S8U1o=, tarball: https://artifactory.tusimple.ai:443/artifactory/api/npm/npm-infra-common/esbuild-linux-arm64/-/esbuild-linux-arm64-0.14.47.tgz}
    engines: {node: '>=12'}
    cpu: [arm64]
    os: [linux]
    requiresBuild: true
    dev: true
    optional: true

  /esbuild-linux-mips64le/0.14.47:
    resolution: {integrity: sha1-nbIVYfjyLtee8q7be77wgrRs+CM=, tarball: https://artifactory.tusimple.ai:443/artifactory/api/npm/npm-infra-common/esbuild-linux-mips64le/-/esbuild-linux-mips64le-0.14.47.tgz}
    engines: {node: '>=12'}
    cpu: [mips64el]
    os: [linux]
    requiresBuild: true
    dev: true
    optional: true

  /esbuild-linux-ppc64le/0.14.47:
    resolution: {integrity: sha1-3Do9oyEiKxHpblDvr+ydLeQIGYs=, tarball: https://artifactory.tusimple.ai:443/artifactory/api/npm/npm-infra-common/esbuild-linux-ppc64le/-/esbuild-linux-ppc64le-0.14.47.tgz}
    engines: {node: '>=12'}
    cpu: [ppc64]
    os: [linux]
    requiresBuild: true
    dev: true
    optional: true

  /esbuild-linux-riscv64/0.14.47:
    resolution: {integrity: sha1-m9bc09ymwDVwhOzQbh0tS/EFM18=, tarball: https://artifactory.tusimple.ai:443/artifactory/api/npm/npm-infra-common/esbuild-linux-riscv64/-/esbuild-linux-riscv64-0.14.47.tgz}
    engines: {node: '>=12'}
    cpu: [riscv64]
    os: [linux]
    requiresBuild: true
    dev: true
    optional: true

  /esbuild-linux-s390x/0.14.47:
    resolution: {integrity: sha1-pFivk5tS8s0y/FYUENRBpR9p1B8=, tarball: https://artifactory.tusimple.ai:443/artifactory/api/npm/npm-infra-common/esbuild-linux-s390x/-/esbuild-linux-s390x-0.14.47.tgz}
    engines: {node: '>=12'}
    cpu: [s390x]
    os: [linux]
    requiresBuild: true
    dev: true
    optional: true

  /esbuild-netbsd-64/0.14.47:
    resolution: {integrity: sha1-Y4jnhdfn5EIMsBNI10g6tRGxaqg=, tarball: https://artifactory.tusimple.ai:443/artifactory/api/npm/npm-infra-common/esbuild-netbsd-64/-/esbuild-netbsd-64-0.14.47.tgz}
    engines: {node: '>=12'}
    cpu: [x64]
    os: [netbsd]
    requiresBuild: true
    dev: true
    optional: true

  /esbuild-openbsd-64/0.14.47:
    resolution: {integrity: sha1-MJr4BttWGqiGxEU0TRqsq4UNvcU=, tarball: https://artifactory.tusimple.ai:443/artifactory/api/npm/npm-infra-common/esbuild-openbsd-64/-/esbuild-openbsd-64-0.14.47.tgz}
    engines: {node: '>=12'}
    cpu: [x64]
    os: [openbsd]
    requiresBuild: true
    dev: true
    optional: true

  /esbuild-sunos-64/0.14.47:
    resolution: {integrity: sha1-PxlhLc24m6bGUoOn/24W+K+/iqo=, tarball: https://artifactory.tusimple.ai:443/artifactory/api/npm/npm-infra-common/esbuild-sunos-64/-/esbuild-sunos-64-0.14.47.tgz}
    engines: {node: '>=12'}
    cpu: [x64]
    os: [sunos]
    requiresBuild: true
    dev: true
    optional: true

  /esbuild-windows-32/0.14.47:
    resolution: {integrity: sha1-qS0nnIRY1dwxmrz+swqkno8ub38=, tarball: https://artifactory.tusimple.ai:443/artifactory/api/npm/npm-infra-common/esbuild-windows-32/-/esbuild-windows-32-0.14.47.tgz}
    engines: {node: '>=12'}
    cpu: [ia32]
    os: [win32]
    requiresBuild: true
    dev: true
    optional: true

  /esbuild-windows-64/0.14.47:
    resolution: {integrity: sha1-JWTD/PDCPXAe23GvjFLTvkzsX4o=, tarball: https://artifactory.tusimple.ai:443/artifactory/api/npm/npm-infra-common/esbuild-windows-64/-/esbuild-windows-64-0.14.47.tgz}
    engines: {node: '>=12'}
    cpu: [x64]
    os: [win32]
    requiresBuild: true
    dev: true
    optional: true

  /esbuild-windows-arm64/0.14.47:
    resolution: {integrity: sha1-htnbGiLYM2D3JqxfukHC9iXbaHg=, tarball: https://artifactory.tusimple.ai:443/artifactory/api/npm/npm-infra-common/esbuild-windows-arm64/-/esbuild-windows-arm64-0.14.47.tgz}
    engines: {node: '>=12'}
    cpu: [arm64]
    os: [win32]
    requiresBuild: true
    dev: true
    optional: true

  /esbuild/0.14.47:
    resolution: {integrity: sha1-DWQV9r2Ouec6WPf5rgTFJ2zaDk0=}
    engines: {node: '>=12'}
    hasBin: true
    requiresBuild: true
    optionalDependencies:
      esbuild-android-64: 0.14.47
      esbuild-android-arm64: 0.14.47
      esbuild-darwin-64: 0.14.47
      esbuild-darwin-arm64: 0.14.47
      esbuild-freebsd-64: 0.14.47
      esbuild-freebsd-arm64: 0.14.47
      esbuild-linux-32: 0.14.47
      esbuild-linux-64: 0.14.47
      esbuild-linux-arm: 0.14.47
      esbuild-linux-arm64: 0.14.47
      esbuild-linux-mips64le: 0.14.47
      esbuild-linux-ppc64le: 0.14.47
      esbuild-linux-riscv64: 0.14.47
      esbuild-linux-s390x: 0.14.47
      esbuild-netbsd-64: 0.14.47
      esbuild-openbsd-64: 0.14.47
      esbuild-sunos-64: 0.14.47
      esbuild-windows-32: 0.14.47
      esbuild-windows-64: 0.14.47
      esbuild-windows-arm64: 0.14.47
    dev: true

  /estree-walker/2.0.2:
    resolution: {integrity: sha1-UvAQF4wqTBF6d1fP6UKtt9LaTKw=}

  /evtd/0.2.3:
    resolution: {integrity: sha1-GFFY1TO0RA7oMaD6DP/eFui9pQQ=}
    dev: true

  /fsevents/2.3.2:
    resolution: {integrity: sha1-ilJveLj99GI7cJ4Ll1xSwkwC/Ro=, tarball: https://artifactory.tusimple.ai:443/artifactory/api/npm/npm-infra-common/fsevents/-/fsevents-2.3.2.tgz}
    engines: {node: ^8.16.0 || ^10.6.0 || >=11.0.0}
    os: [darwin]
    requiresBuild: true
    dev: true
    optional: true

  /function-bind/1.1.1:
    resolution: {integrity: sha1-pWiZ0+o8m6uHS7l3O3xe3pL0iV0=}
    dev: true

  /has-flag/4.0.0:
    resolution: {integrity: sha1-lEdx/ZyByBJlxNaUGGDaBrtZR5s=}
    engines: {node: '>=8'}
    dev: true

  /has/1.0.3:
    resolution: {integrity: sha1-ci18v8H2qoJB8W3YFOAR4fQeh5Y=}
    engines: {node: '>= 0.4.0'}
    dependencies:
      function-bind: 1.1.1
    dev: true

  /highlight.js/11.5.1:
    resolution: {integrity: sha1-Anwk5FCeL03NALSm3aVCzgofeuo=}
    engines: {node: '>=12.0.0'}
    dev: true

  /is-core-module/2.9.0:
    resolution: {integrity: sha1-4cNEKc1Rxt2eCeB5njluJ7GanGk=}
    dependencies:
      has: 1.0.3
    dev: true

  /jest-diff/27.5.1:
    resolution: {integrity: sha1-oH9QEayeZkPPipWkYrex7PZoDe8=}
    engines: {node: ^10.13.0 || ^12.13.0 || ^14.15.0 || >=15.0.0}
    dependencies:
      chalk: 4.1.2
      diff-sequences: 27.5.1
      jest-get-type: 27.5.1
      pretty-format: 27.5.1
    dev: true

  /jest-get-type/27.5.1:
    resolution: {integrity: sha1-PNYTxQew96zgE99Aehwc1Xi8tPE=}
    engines: {node: ^10.13.0 || ^12.13.0 || ^14.15.0 || >=15.0.0}
    dev: true

  /jest-matcher-utils/27.5.1:
    resolution: {integrity: sha1-nAzb2oJFvCLSMxcp0QkTCLQM+Ks=}
    engines: {node: ^10.13.0 || ^12.13.0 || ^14.15.0 || >=15.0.0}
    dependencies:
      chalk: 4.1.2
      jest-diff: 27.5.1
      jest-get-type: 27.5.1
      pretty-format: 27.5.1
    dev: true

  /lodash-es/4.17.21:
    resolution: {integrity: sha1-Q+YmxG5lkbd1C+srUBFzkMYJ4+4=}

  /lodash/4.17.21:
    resolution: {integrity: sha1-Z5WRxWTDv/quhFTPCz3zcMPWkRw=}
    dev: true

  /magic-string/0.25.9:
    resolution: {integrity: sha1-3n+fr5HvihyR0CwuUxTIJ3283Rw=}
    dependencies:
      sourcemap-codec: 1.4.8

  /naive-ui/2.30.6_vue@3.2.37:
    resolution: {integrity: sha1-79I6VzsoP/7Xstj+F3560+G54Bs=}
    peerDependencies:
      vue: ^3.0.0
    dependencies:
      '@css-render/plugin-bem': 0.15.10_css-render@0.15.10
      '@css-render/vue3-ssr': 0.15.10_vue@3.2.37
      '@types/lodash': 4.14.182
      '@types/lodash-es': 4.17.6
      async-validator: 4.2.5
      css-render: 0.15.10
      date-fns: 2.28.0
      date-fns-tz: 1.3.5_date-fns@2.28.0
      evtd: 0.2.3
      highlight.js: 11.5.1
      lodash: 4.17.21
      lodash-es: 4.17.21
      seemly: 0.3.4
      treemate: 0.3.11
      vdirs: 0.1.8_vue@3.2.37
      vooks: 0.2.12_vue@3.2.37
      vue: 3.2.37
      vueuc: 0.4.45_vue@3.2.37
    dev: true

  /nanoid/3.3.4:
    resolution: {integrity: sha1-cwtn480J4t6s8DwCfIHJ2dvF6Ks=}
    engines: {node: ^10 || ^12 || ^13.7 || ^14 || >=15.0.1}
    hasBin: true

  /path-parse/1.0.7:
    resolution: {integrity: sha1-+8EUtgykKzDZ2vWFjkvWi77bZzU=}
    dev: true

  /picocolors/1.0.0:
    resolution: {integrity: sha1-y1vcdP8/UYkiNur3nWi8RFZKuBw=}

  /postcss/8.4.14:
    resolution: {integrity: sha1-7pJ01WIrSFjBAHp0125C5W/SHK8=}
    engines: {node: ^10 || ^12 || >=14}
    dependencies:
      nanoid: 3.3.4
      picocolors: 1.0.0
      source-map-js: 1.0.2

  /prettier/2.7.1:
    resolution: {integrity: sha1-4jWAaFDQV/l7sINopPfYmfd2DGQ=, tarball: https://artifactory.tusimple.ai:443/artifactory/api/npm/npm-infra-common/prettier/-/prettier-2.7.1.tgz}
    engines: {node: '>=10.13.0'}
    hasBin: true
    dev: true

  /pretty-format/27.5.1:
    resolution: {integrity: sha1-IYGHn96lGnpYUfs52SD6pj8B2I4=}
    engines: {node: ^10.13.0 || ^12.13.0 || ^14.15.0 || >=15.0.0}
    dependencies:
      ansi-regex: 5.0.1
      ansi-styles: 5.2.0
      react-is: 17.0.2
    dev: true

  /react-is/17.0.2:
    resolution: {integrity: sha1-5pHUqOnHiTZWVVOas3J2Kw77VPA=}
    dev: true

  /resolve/1.22.1:
    resolution: {integrity: sha1-J8suu1P5GrtJRwqSi7p1WAZqwXc=}
    hasBin: true
    dependencies:
      is-core-module: 2.9.0
      path-parse: 1.0.7
      supports-preserve-symlinks-flag: 1.0.0
    dev: true

  /rollup/2.75.7:
    resolution: {integrity: sha1-Ih/xGIeuJx433MZJujLOFZCqoLk=}
    engines: {node: '>=10.0.0'}
    hasBin: true
    optionalDependencies:
      fsevents: 2.3.2
    dev: true

  /seemly/0.3.4:
    resolution: {integrity: sha1-IkKSRzmGbZW0+H8Be8ZGOSuABNs=}
    dependencies:
      '@types/jest': 27.5.2
    dev: true

  /source-map-js/1.0.2:
    resolution: {integrity: sha1-rbw2HZxi3zgBJefxYfccgm8eSQw=}
    engines: {node: '>=0.10.0'}

  /source-map/0.6.1:
    resolution: {integrity: sha1-dHIq8y6WFOnCh6jQu95IteLxomM=}
    engines: {node: '>=0.10.0'}

  /sourcemap-codec/1.4.8:
    resolution: {integrity: sha1-6oBL2UhXQC5pktBaOO8a41qatMQ=}

  /supports-color/7.2.0:
    resolution: {integrity: sha1-G33NyzK4E4gBs+R4umpRyqiWSNo=}
    engines: {node: '>=8'}
    dependencies:
      has-flag: 4.0.0
    dev: true

  /supports-preserve-symlinks-flag/1.0.0:
    resolution: {integrity: sha1-btpL00SjyUrqN21MwxvHcxEDngk=}
    engines: {node: '>= 0.4'}
    dev: true

  /to-fast-properties/2.0.0:
    resolution: {integrity: sha1-3F5pjL0HkmW8c+A3doGk5Og/YW4=}
    engines: {node: '>=4'}
    dev: true

  /treemate/0.3.11:
    resolution: {integrity: sha1-fVL49pq5zjJvjROeCj0f+yXkgiI=}
    dev: true

  /typescript/4.7.4:
    resolution: {integrity: sha1-GohZbRz0fVlQehvN+1ud/k1IgjU=}
    engines: {node: '>=4.2.0'}
    hasBin: true

  /vdirs/0.1.8_vue@3.2.37:
    resolution: {integrity: sha1-oQO8Q7rKc4+N6pEqfpc3FUoZ28I=}
    peerDependencies:
      vue: ^3.0.11
    dependencies:
      evtd: 0.2.3
      vue: 3.2.37
    dev: true

  /vite/2.9.13:
    resolution: {integrity: sha1-hZy11MMWwNjG7JhmBFwPeFjKarw=}
    engines: {node: '>=12.2.0'}
    hasBin: true
    peerDependencies:
      less: '*'
      sass: '*'
      stylus: '*'
    peerDependenciesMeta:
      less:
        optional: true
      sass:
        optional: true
      stylus:
        optional: true
    dependencies:
      esbuild: 0.14.47
      postcss: 8.4.14
      resolve: 1.22.1
      rollup: 2.75.7
    optionalDependencies:
      fsevents: 2.3.2
    dev: true

  /vooks/0.2.12_vue@3.2.37:
    resolution: {integrity: sha1-K24jMwt3usgcf3o0TEyj6fT2w3M=}
    peerDependencies:
      vue: ^3.0.0
    dependencies:
      evtd: 0.2.3
      vue: 3.2.37
    dev: true

  /vue-router/4.0.16_vue@3.2.37:
    resolution: {integrity: sha1-lHe+7u826A4E0EGhc4gBpV5uhi4=}
    peerDependencies:
      vue: ^3.2.0
    dependencies:
      '@vue/devtools-api': 6.1.4
      vue: 3.2.37

  /vue-tsc/0.38.2_typescript@4.7.4:
    resolution: {integrity: sha1-iRdaa7motXJOhKtdY9xREwQcW/o=}
    hasBin: true
    peerDependencies:
      typescript: '*'
    dependencies:
      '@volar/vue-typescript': 0.38.2
      typescript: 4.7.4
    dev: true

  /vue/3.2.37:
    resolution: {integrity: sha1-2iIMy2GNeFedJbBsfCFJjKTlRS4=}
    dependencies:
      '@vue/compiler-dom': 3.2.37
      '@vue/compiler-sfc': 3.2.37
      '@vue/runtime-dom': 3.2.37
      '@vue/server-renderer': 3.2.37_vue@3.2.37
      '@vue/shared': 3.2.37

  /vueuc/0.4.45_vue@3.2.37:
    resolution: {integrity: sha1-NHzFYZFXt31dGKCW686xtU3V8IU=}
    peerDependencies:
      vue: ^3.0.11
    dependencies:
      '@css-render/vue3-ssr': 0.15.10_vue@3.2.37
      '@juggle/resize-observer': 3.3.1
      css-render: 0.15.10
      evtd: 0.2.3
      seemly: 0.3.4
      vdirs: 0.1.8_vue@3.2.37
      vooks: 0.2.12_vue@3.2.37
      vue: 3.2.37
    dev: true
